
Microsoft Visual Studio Solution File, Format Version 12.00
# Visual Studio Version 17
VisualStudioVersion = 17.0.31903.59
MinimumVisualStudioVersion = 10.0.40219.1
Project("{FAE04EC0-301F-11D3-BF4B-00C04F79EFBC}") = "AgoraVai.WebAPI", "AgoraVai.WebAPI\AgoraVai.WebAPI.csproj", "{37DAAD23-E785-49D5-9E8E-ED3E2CD40A5D}"
EndProject
Project("{E53339B2-1760-4266-BCC7-CA923CBCF16C}") = "docker-compose", "docker-compose.dcproj", "{81DDED9D-158B-E303-5F62-77A2896D2A5A}"
EndProject
Project("{FAE04EC0-301F-11D3-BF4B-00C04F79EFBC}") = "AgoraVai.Metrics.WebAPI", "AgoraVai.Metrics.WebAPI\AgoraVai.Metrics.WebAPI.csproj", "{275CF240-6004-4120-8DE4-1052D9769C42}"
EndProject
Project("{FAE04EC0-301F-11D3-BF4B-00C04F79EFBC}") = "AgoraVai.Shared", "AgoraVai.Shared\AgoraVai.Shared.csproj", "{661B20EA-136E-4A03-91EC-96926CF3E912}"
EndProject
Project("{2150E333-8FDC-42A3-9474-1A3956D46DE8}") = "Dependencies", "Dependencies", "{02EA681E-C7D8-13C7-8484-4AC65E1B71E8}"
EndProject
Project("{2150E333-8FDC-42A3-9474-1A3956D46DE8}") = "Exceutables", "Exceutables", "{2DFE0C2B-BE9A-4F29-B9C5-8BDBCE6A7BBC}"
EndProject
Project("{2150E333-8FDC-42A3-9474-1A3956D46DE8}") = "Extras", "Extras", "{62199FD9-9E53-46DF-93FD-D5BE700B1973}"
	ProjectSection(SolutionItems) = preProject
		Dockerfile = Dockerfile
		init.sql = init.sql
		Dockerfile.metrics = Dockerfile.metrics
		nginx.conf = nginx.conf
	EndProjectSection
EndProject
Global
	GlobalSection(SolutionConfigurationPlatforms) = preSolution
		Debug|Any CPU = Debug|Any CPU
		Release|Any CPU = Release|Any CPU
	EndGlobalSection
	GlobalSection(ProjectConfigurationPlatforms) = postSolution
		{37DAAD23-E785-49D5-9E8E-ED3E2CD40A5D}.Debug|Any CPU.ActiveCfg = Debug|Any CPU
		{37DAAD23-E785-49D5-9E8E-ED3E2CD40A5D}.Debug|Any CPU.Build.0 = Debug|Any CPU
		{37DAAD23-E785-49D5-9E8E-ED3E2CD40A5D}.Release|Any CPU.ActiveCfg = Release|Any CPU
		{37DAAD23-E785-49D5-9E8E-ED3E2CD40A5D}.Release|Any CPU.Build.0 = Release|Any CPU
		{81DDED9D-158B-E303-5F62-77A2896D2A5A}.Debug|Any CPU.ActiveCfg = Debug|Any CPU
		{81DDED9D-158B-E303-5F62-77A2896D2A5A}.Debug|Any CPU.Build.0 = Debug|Any CPU
		{81DDED9D-158B-E303-5F62-77A2896D2A5A}.Release|Any CPU.ActiveCfg = Release|Any CPU
		{81DDED9D-158B-E303-5F62-77A2896D2A5A}.Release|Any CPU.Build.0 = Release|Any CPU
		{275CF240-6004-4120-8DE4-1052D9769C42}.Debug|Any CPU.ActiveCfg = Debug|Any CPU
		{275CF240-6004-4120-8DE4-1052D9769C42}.Debug|Any CPU.Build.0 = Debug|Any CPU
		{275CF240-6004-4120-8DE4-1052D9769C42}.Release|Any CPU.ActiveCfg = Release|Any CPU
		{275CF240-6004-4120-8DE4-1052D9769C42}.Release|Any CPU.Build.0 = Release|Any CPU
		{661B20EA-136E-4A03-91EC-96926CF3E912}.Debug|Any CPU.ActiveCfg = Debug|Any CPU
		{661B20EA-136E-4A03-91EC-96926CF3E912}.Debug|Any CPU.Build.0 = Debug|Any CPU
		{661B20EA-136E-4A03-91EC-96926CF3E912}.Release|Any CPU.ActiveCfg = Release|Any CPU
		{661B20EA-136E-4A03-91EC-96926CF3E912}.Release|Any CPU.Build.0 = Release|Any CPU
	EndGlobalSection
	GlobalSection(SolutionProperties) = preSolution
		HideSolutionNode = FALSE
	EndGlobalSection
	GlobalSection(NestedProjects) = preSolution
		{37DAAD23-E785-49D5-9E8E-ED3E2CD40A5D} = {2DFE0C2B-BE9A-4F29-B9C5-8BDBCE6A7BBC}
		{81DDED9D-158B-E303-5F62-77A2896D2A5A} = {62199FD9-9E53-46DF-93FD-D5BE700B1973}
		{275CF240-6004-4120-8DE4-1052D9769C42} = {2DFE0C2B-BE9A-4F29-B9C5-8BDBCE6A7BBC}
		{661B20EA-136E-4A03-91EC-96926CF3E912} = {02EA681E-C7D8-13C7-8484-4AC65E1B71E8}
	EndGlobalSection
	GlobalSection(ExtensibilityGlobals) = postSolution
		SolutionGuid = {7EE2E807-3FA0-4A9B-8624-2AE930478675}
	EndGlobalSection
EndGlobal
